
Microsoft Visual Studio Solution File, Format Version 12.00
# Visual Studio Version 17
VisualStudioVersion = 17.10.34928.147
MinimumVisualStudioVersion = 10.0.40219.1
Project("{2150E333-8FDC-42A3-9474-1A3956D46DE8}") = "src", "src", "{AC9AB648-4074-48BA-8B3F-9D85C32DB677}"
EndProject
Project("{2150E333-8FDC-42A3-9474-1A3956D46DE8}") = "MessageBrokers", "MessageBrokers", "{4F9AA759-D1B2-458C-9D1B-F1C587723B8C}"
EndProject
Project("{2150E333-8FDC-42A3-9474-1A3956D46DE8}") = "Clients", "Clients", "{85640B67-7CBA-45AF-8044-64953C2D697B}"
EndProject
Project("{2150E333-8FDC-42A3-9474-1A3956D46DE8}") = "Services", "Services", "{EF9B9EFF-E02E-4E06-BAE3-6832C85D66C4}"
EndProject
Project("{2150E333-8FDC-42A3-9474-1A3956D46DE8}") = "ApiGateways", "ApiGateways", "{C2FBF0BE-E5F6-4647-877C-DAC166D4A769}"
EndProject
Project("{2150E333-8FDC-42A3-9474-1A3956D46DE8}") = "IdentityService", "IdentityService", "{AFC0B8E6-568F-40A3-930F-5E800E642BF5}"
EndProject
Project("{2150E333-8FDC-42A3-9474-1A3956D46DE8}") = "OrderService", "OrderService", "{41D2A554-4214-4A75-A271-6DC6CA7279E8}"
EndProject
Project("{2150E333-8FDC-42A3-9474-1A3956D46DE8}") = "PaymentService", "PaymentService", "{9017D018-D67D-4874-81D1-E1EB4391C8FD}"
EndProject
Project("{2150E333-8FDC-42A3-9474-1A3956D46DE8}") = "CourierService", "CourierService", "{BC44F3E5-C322-45EA-9CF3-1051530DA1AF}"
EndProject
Project("{2150E333-8FDC-42A3-9474-1A3956D46DE8}") = "BasketService", "BasketService", "{9CDF75D2-0D6D-4963-A107-618F44BA3A3E}"
EndProject
Project("{2150E333-8FDC-42A3-9474-1A3956D46DE8}") = "NotificationService", "NotificationService", "{721F1B34-9977-4A13-A86D-C3E0CBDB6432}"
EndProject
Project("{2150E333-8FDC-42A3-9474-1A3956D46DE8}") = "RestaurantService", "RestaurantService", "{7DB31E64-D505-43B7-80C0-58481AE6850D}"
EndProject
Project("{2150E333-8FDC-42A3-9474-1A3956D46DE8}") = "WebApiGateway", "WebApiGateway", "{B0CA4928-F651-4524-B005-6A687AF1AC4C}"
EndProject
Project("{9A19103F-16F7-4668-BE54-9A1E7A4F7556}") = "Web.ApiGateway", "src\ApiGateways\WebApiGateway\Web.ApiGateway\Web.ApiGateway.csproj", "{B85991A0-B791-4F63-8564-6093A60A1299}"
EndProject
Project("{2150E333-8FDC-42A3-9474-1A3956D46DE8}") = "SolutionItems", "SolutionItems", "{A77C69A3-7614-4488-A0A3-5A21FE5A265F}"
	ProjectSection(SolutionItems) = preProject
		ServiceUrls.txt = ServiceUrls.txt
	EndProjectSection
EndProject
Project("{2150E333-8FDC-42A3-9474-1A3956D46DE8}") = "EventBus", "EventBus", "{5551D5F0-E2C9-4589-A54E-F072B3C5342E}"
EndProject
Project("{9A19103F-16F7-4668-BE54-9A1E7A4F7556}") = "EventBus.Base", "src\MessageBrokers\EventBus\EventBus.Base\EventBus.Base.csproj", "{DB6171A8-B992-4742-BD90-E36208CCBDC3}"
EndProject
Project("{9A19103F-16F7-4668-BE54-9A1E7A4F7556}") = "EventBus.Factory", "src\MessageBrokers\EventBus\EventBus.Factory\EventBus.Factory.csproj", "{CE7BCCBE-4C2C-458D-92E0-92BB83092B37}"
EndProject
Project("{9A19103F-16F7-4668-BE54-9A1E7A4F7556}") = "EventBus.RabbitMQ", "src\MessageBrokers\EventBus\EventBus.RabbitMQ\EventBus.RabbitMQ.csproj", "{C11D1D4A-C9E3-4887-A053-A7A86514932F}"
EndProject
Project("{9A19103F-16F7-4668-BE54-9A1E7A4F7556}") = "Identity.Domain", "src\Services\IdentityService\Identity.Domain\Identity.Domain.csproj", "{3D566F4E-CC02-4CEE-834A-6FD85644C0F2}"
EndProject
Project("{9A19103F-16F7-4668-BE54-9A1E7A4F7556}") = "Identity.Application", "src\Services\IdentityService\Identity.Application\Identity.Application.csproj", "{717C3143-C2A5-4560-A8F3-D388E24EF892}"
EndProject
Project("{9A19103F-16F7-4668-BE54-9A1E7A4F7556}") = "Identity.Persistence", "src\Services\IdentityService\Identity.Persistence\Identity.Persistence.csproj", "{068E869B-8271-4852-BB72-8E54C6122B54}"
EndProject
Project("{9A19103F-16F7-4668-BE54-9A1E7A4F7556}") = "Identity.Infrastructure", "src\Services\IdentityService\Identity.Infrastructure\Identity.Infrastructure.csproj", "{0C179A92-F2E8-43F7-93C4-FA0A042FB48B}"
EndProject
Project("{9A19103F-16F7-4668-BE54-9A1E7A4F7556}") = "Identity.Api", "src\Services\IdentityService\Identity.Api\Identity.Api.csproj", "{A10846C1-E0AC-4387-B683-68EC5E5EF801}"
EndProject
Project("{9A19103F-16F7-4668-BE54-9A1E7A4F7556}") = "Restaurant.Domain", "src\Services\RestaurantService\Restaurant.Domain\Restaurant.Domain.csproj", "{0A86B924-50EA-480A-B504-B5A688A20903}"
EndProject
Project("{9A19103F-16F7-4668-BE54-9A1E7A4F7556}") = "Restaurant.Application", "src\Services\RestaurantService\Restaurant.Application\Restaurant.Application.csproj", "{BC1000C2-86CE-4CA1-90EA-7C41B8EC1984}"
EndProject
Project("{9A19103F-16F7-4668-BE54-9A1E7A4F7556}") = "Restaurant.Persistence", "src\Services\RestaurantService\Restaurant.Persistence\Restaurant.Persistence.csproj", "{3E068B88-E4AA-4758-86B9-B0753C3DC8F1}"
EndProject
Project("{9A19103F-16F7-4668-BE54-9A1E7A4F7556}") = "Restaurant.Infrastructure", "src\Services\RestaurantService\Restaurant.Infrastructure\Restaurant.Infrastructure.csproj", "{6BD5031E-1055-41CC-9BE4-A48FCB6FEDDF}"
EndProject
Project("{9A19103F-16F7-4668-BE54-9A1E7A4F7556}") = "Restaurant.Api", "src\Services\RestaurantService\Restaurant.Api\Restaurant.Api.csproj", "{D981EF1A-88B8-47A5-8724-59F1858AF9EF}"
EndProject
Project("{2150E333-8FDC-42A3-9474-1A3956D46DE8}") = "MenuService", "MenuService", "{FBF14C28-9395-4D09-AAA5-0709CA0775D2}"
EndProject
Project("{9A19103F-16F7-4668-BE54-9A1E7A4F7556}") = "Menu.Api", "src\Services\MenuService\Menu.Api\Menu.Api.csproj", "{2A846F90-17D8-4CEB-8696-9BB8B3A1202D}"
EndProject
Project("{9A19103F-16F7-4668-BE54-9A1E7A4F7556}") = "Menu.Domain", "src\Services\MenuService\Menu.Domain\Menu.Domain.csproj", "{E1EC9872-C05A-46EF-97F6-C220729B1CD4}"
EndProject
Project("{9A19103F-16F7-4668-BE54-9A1E7A4F7556}") = "Menu.Application", "src\Services\MenuService\Menu.Application\Menu.Application.csproj", "{8E96D8C1-C8AC-4E4C-ABB8-46E973F36AF1}"
EndProject
Project("{9A19103F-16F7-4668-BE54-9A1E7A4F7556}") = "Menu.Persistence", "src\Services\MenuService\Menu.Persistence\Menu.Persistence.csproj", "{98040EEA-13C5-4E0E-AE08-86F9704BF1B9}"
EndProject
Project("{9A19103F-16F7-4668-BE54-9A1E7A4F7556}") = "Menu.Infrastructure", "src\Services\MenuService\Menu.Infrastructure\Menu.Infrastructure.csproj", "{6706A6F9-240C-42AB-88CA-D5A8309729DE}"
EndProject
Project("{9A19103F-16F7-4668-BE54-9A1E7A4F7556}") = "BasketService.Api", "src\Services\BasketService\BasketService.Api\BasketService.Api.csproj", "{25B4939A-7D00-484F-9EBD-ABD56200392C}"
EndProject
Project("{9A19103F-16F7-4668-BE54-9A1E7A4F7556}") = "BasketService.Domain", "src\Services\BasketService\BasketService.Domain\BasketService.Domain.csproj", "{542A170C-454A-41C1-AC3D-11ED54F4D633}"
EndProject
Project("{9A19103F-16F7-4668-BE54-9A1E7A4F7556}") = "BasketService.Application", "src\Services\BasketService\BasketService.Application\BasketService.Application.csproj", "{AC130414-8671-4CA6-8B43-72823923BB0E}"
EndProject
Project("{9A19103F-16F7-4668-BE54-9A1E7A4F7556}") = "BasketService.Persistence", "src\Services\BasketService\BasketService.Persistence\BasketService.Persistence.csproj", "{4638084B-8CA1-438E-9E1B-0914C99B3887}"
EndProject
Project("{9A19103F-16F7-4668-BE54-9A1E7A4F7556}") = "CourierService.Api", "src\Services\CourierService\CourierService.Api\CourierService.Api.csproj", "{0CDC307E-9633-4E00-93CE-71D37B3D77E5}"
EndProject
Project("{9A19103F-16F7-4668-BE54-9A1E7A4F7556}") = "CourierService.Domain", "src\Services\CourierService\CourierService.Domain\CourierService.Domain.csproj", "{57CF8DB6-144F-4FAE-9D28-C5A374BC776E}"
EndProject
Project("{9A19103F-16F7-4668-BE54-9A1E7A4F7556}") = "CourierService.Application", "src\Services\CourierService\CourierService.Application\CourierService.Application.csproj", "{CC702A18-DAD1-4FA3-B379-8489A989C426}"
EndProject
Project("{9A19103F-16F7-4668-BE54-9A1E7A4F7556}") = "CourierService.Persistence", "src\Services\CourierService\CourierService.Persistence\CourierService.Persistence.csproj", "{160BB478-2BEE-4E2E-A4C0-79532B943922}"
EndProject
Project("{9A19103F-16F7-4668-BE54-9A1E7A4F7556}") = "CourierService.Infrastructure", "src\Services\CourierService\CourierService.Infrastructure\CourierService.Infrastructure.csproj", "{7F0F8C0E-65CD-4D1C-9D95-B931C41819CB}"
EndProject
Project("{9A19103F-16F7-4668-BE54-9A1E7A4F7556}") = "OrderService.Api", "src\Services\OrderService\OrderService.Api\OrderService.Api.csproj", "{152F5143-E402-4606-A143-E771857F13B2}"
EndProject
Project("{9A19103F-16F7-4668-BE54-9A1E7A4F7556}") = "OrderService.Domain", "src\Services\OrderService\OrderService.Domain\OrderService.Domain.csproj", "{B42B7057-2EE7-471F-A6A7-CA10ED371A56}"
EndProject
Project("{9A19103F-16F7-4668-BE54-9A1E7A4F7556}") = "OrderService.Application", "src\Services\OrderService\OrderService.Application\OrderService.Application.csproj", "{DF807627-A917-49D7-9CB6-029E33886B2F}"
EndProject
Project("{9A19103F-16F7-4668-BE54-9A1E7A4F7556}") = "OrderService.Persistence", "src\Services\OrderService\OrderService.Persistence\OrderService.Persistence.csproj", "{D43B3F8A-BDC0-4172-B790-4B73B0447073}"
EndProject
Project("{9A19103F-16F7-4668-BE54-9A1E7A4F7556}") = "OrderService.Infrastructure", "src\Services\OrderService\OrderService.Infrastructure\OrderService.Infrastructure.csproj", "{4418AAC4-1030-47D5-9815-8E16FB90AFDB}"
EndProject
Project("{FAE04EC0-301F-11D3-BF4B-00C04F79EFBC}") = "PaymentService.Api", "src\Services\PaymentService\PaymentService.Api\PaymentService.Api.csproj", "{7585DAEA-4B05-4DDD-BBB8-C5C1A8CFC987}"
EndProject
Project("{FAE04EC0-301F-11D3-BF4B-00C04F79EFBC}") = "PaymentService.Application", "src\Services\PaymentService\PaymentService.Application\PaymentService.Application.csproj", "{3C1086E5-F0AE-47C7-9B5E-43585E4F94E0}"
EndProject
Project("{FAE04EC0-301F-11D3-BF4B-00C04F79EFBC}") = "PaymentService.Domain", "src\Services\PaymentService\PaymentService.Domain\PaymentService.Domain.csproj", "{DC9DE789-BB01-4739-B4F3-51929D354B0F}"
EndProject
Project("{FAE04EC0-301F-11D3-BF4B-00C04F79EFBC}") = "PaymentService.Persistence", "src\Services\PaymentService\PaymentService.Persistence\PaymentService.Persistence.csproj", "{689C9212-377D-47A5-81C1-F07A366483CA}"
EndProject
Project("{FAE04EC0-301F-11D3-BF4B-00C04F79EFBC}") = "PaymentService.Infrastructure", "src\Services\PaymentService\PaymentService.Infrastructure\PaymentService.Infrastructure.csproj", "{3B8476B7-E786-498D-8F39-2DF81C0BBFDE}"
EndProject
Project("{FAE04EC0-301F-11D3-BF4B-00C04F79EFBC}") = "NotificationService.Infrastructure", "src\Services\NotificationService\NotificationService.Infrastructure\NotificationService.Infrastructure.csproj", "{0F28BC7F-F3E6-4810-912C-E710D6DA7694}"
EndProject
Project("{FAE04EC0-301F-11D3-BF4B-00C04F79EFBC}") = "NotificationService.Console", "src\Services\NotificationService\NotificationService.Console\NotificationService.Console.csproj", "{256F9E33-FAC1-44A2-A450-69E0A9225D48}"
EndProject
Project("{2150E333-8FDC-42A3-9474-1A3956D46DE8}") = "RestaurantOrderService", "RestaurantOrderService", "{EC115D52-7DF0-47C6-A506-945DE3E39CC6}"
EndProject
Project("{FAE04EC0-301F-11D3-BF4B-00C04F79EFBC}") = "RestaurantOrderService.Api", "src\Services\RestaurantOrderService\RestaurantOrderService.Api\RestaurantOrderService.Api.csproj", "{80B0DF1E-8E3A-45C5-8FAF-5B5174BD09BA}"
EndProject
Project("{FAE04EC0-301F-11D3-BF4B-00C04F79EFBC}") = "RestaurantOrderService.Domain", "src\Services\RestaurantOrderService\RestaurantOrderService.Domain\RestaurantOrderService.Domain.csproj", "{7FD6AFB2-B26B-4278-B7C6-0479F82C4D1A}"
EndProject
Project("{FAE04EC0-301F-11D3-BF4B-00C04F79EFBC}") = "RestaurantOrderService.Application", "src\Services\RestaurantOrderService\RestaurantOrderService.Application\RestaurantOrderService.Application.csproj", "{16E03117-BEDB-4B35-8B16-DEB1C838DF80}"
EndProject
Project("{FAE04EC0-301F-11D3-BF4B-00C04F79EFBC}") = "RestaurantOrderService.Persistence", "src\Services\RestaurantOrderService\RestaurantOrderService.Persistence\RestaurantOrderService.Persistence.csproj", "{B7DC9CC0-8603-4067-BAF6-FB14477AB1E4}"
EndProject
Project("{FAE04EC0-301F-11D3-BF4B-00C04F79EFBC}") = "RestaurantOrderService.Infrastructure", "src\Services\RestaurantOrderService\RestaurantOrderService.Infrastructure\RestaurantOrderService.Infrastructure.csproj", "{0FF7B0AD-7875-4D92-9201-5FCD187E0031}"
EndProject
Global
	GlobalSection(SolutionConfigurationPlatforms) = preSolution
		Debug|Any CPU = Debug|Any CPU
		Release|Any CPU = Release|Any CPU
	EndGlobalSection
	GlobalSection(ProjectConfigurationPlatforms) = postSolution
		{B85991A0-B791-4F63-8564-6093A60A1299}.Debug|Any CPU.ActiveCfg = Debug|Any CPU
		{B85991A0-B791-4F63-8564-6093A60A1299}.Debug|Any CPU.Build.0 = Debug|Any CPU
		{B85991A0-B791-4F63-8564-6093A60A1299}.Release|Any CPU.ActiveCfg = Release|Any CPU
		{B85991A0-B791-4F63-8564-6093A60A1299}.Release|Any CPU.Build.0 = Release|Any CPU
		{DB6171A8-B992-4742-BD90-E36208CCBDC3}.Debug|Any CPU.ActiveCfg = Debug|Any CPU
		{DB6171A8-B992-4742-BD90-E36208CCBDC3}.Debug|Any CPU.Build.0 = Debug|Any CPU
		{DB6171A8-B992-4742-BD90-E36208CCBDC3}.Release|Any CPU.ActiveCfg = Release|Any CPU
		{DB6171A8-B992-4742-BD90-E36208CCBDC3}.Release|Any CPU.Build.0 = Release|Any CPU
		{CE7BCCBE-4C2C-458D-92E0-92BB83092B37}.Debug|Any CPU.ActiveCfg = Debug|Any CPU
		{CE7BCCBE-4C2C-458D-92E0-92BB83092B37}.Debug|Any CPU.Build.0 = Debug|Any CPU
		{CE7BCCBE-4C2C-458D-92E0-92BB83092B37}.Release|Any CPU.ActiveCfg = Release|Any CPU
		{CE7BCCBE-4C2C-458D-92E0-92BB83092B37}.Release|Any CPU.Build.0 = Release|Any CPU
		{C11D1D4A-C9E3-4887-A053-A7A86514932F}.Debug|Any CPU.ActiveCfg = Debug|Any CPU
		{C11D1D4A-C9E3-4887-A053-A7A86514932F}.Debug|Any CPU.Build.0 = Debug|Any CPU
		{C11D1D4A-C9E3-4887-A053-A7A86514932F}.Release|Any CPU.ActiveCfg = Release|Any CPU
		{C11D1D4A-C9E3-4887-A053-A7A86514932F}.Release|Any CPU.Build.0 = Release|Any CPU
		{3D566F4E-CC02-4CEE-834A-6FD85644C0F2}.Debug|Any CPU.ActiveCfg = Debug|Any CPU
		{3D566F4E-CC02-4CEE-834A-6FD85644C0F2}.Debug|Any CPU.Build.0 = Debug|Any CPU
		{3D566F4E-CC02-4CEE-834A-6FD85644C0F2}.Release|Any CPU.ActiveCfg = Release|Any CPU
		{3D566F4E-CC02-4CEE-834A-6FD85644C0F2}.Release|Any CPU.Build.0 = Release|Any CPU
		{717C3143-C2A5-4560-A8F3-D388E24EF892}.Debug|Any CPU.ActiveCfg = Debug|Any CPU
		{717C3143-C2A5-4560-A8F3-D388E24EF892}.Debug|Any CPU.Build.0 = Debug|Any CPU
		{717C3143-C2A5-4560-A8F3-D388E24EF892}.Release|Any CPU.ActiveCfg = Release|Any CPU
		{717C3143-C2A5-4560-A8F3-D388E24EF892}.Release|Any CPU.Build.0 = Release|Any CPU
		{068E869B-8271-4852-BB72-8E54C6122B54}.Debug|Any CPU.ActiveCfg = Debug|Any CPU
		{068E869B-8271-4852-BB72-8E54C6122B54}.Debug|Any CPU.Build.0 = Debug|Any CPU
		{068E869B-8271-4852-BB72-8E54C6122B54}.Release|Any CPU.ActiveCfg = Release|Any CPU
		{068E869B-8271-4852-BB72-8E54C6122B54}.Release|Any CPU.Build.0 = Release|Any CPU
		{0C179A92-F2E8-43F7-93C4-FA0A042FB48B}.Debug|Any CPU.ActiveCfg = Debug|Any CPU
		{0C179A92-F2E8-43F7-93C4-FA0A042FB48B}.Debug|Any CPU.Build.0 = Debug|Any CPU
		{0C179A92-F2E8-43F7-93C4-FA0A042FB48B}.Release|Any CPU.ActiveCfg = Release|Any CPU
		{0C179A92-F2E8-43F7-93C4-FA0A042FB48B}.Release|Any CPU.Build.0 = Release|Any CPU
		{A10846C1-E0AC-4387-B683-68EC5E5EF801}.Debug|Any CPU.ActiveCfg = Debug|Any CPU
		{A10846C1-E0AC-4387-B683-68EC5E5EF801}.Debug|Any CPU.Build.0 = Debug|Any CPU
		{A10846C1-E0AC-4387-B683-68EC5E5EF801}.Release|Any CPU.ActiveCfg = Release|Any CPU
		{A10846C1-E0AC-4387-B683-68EC5E5EF801}.Release|Any CPU.Build.0 = Release|Any CPU
		{0A86B924-50EA-480A-B504-B5A688A20903}.Debug|Any CPU.ActiveCfg = Debug|Any CPU
		{0A86B924-50EA-480A-B504-B5A688A20903}.Debug|Any CPU.Build.0 = Debug|Any CPU
		{0A86B924-50EA-480A-B504-B5A688A20903}.Release|Any CPU.ActiveCfg = Release|Any CPU
		{0A86B924-50EA-480A-B504-B5A688A20903}.Release|Any CPU.Build.0 = Release|Any CPU
		{BC1000C2-86CE-4CA1-90EA-7C41B8EC1984}.Debug|Any CPU.ActiveCfg = Debug|Any CPU
		{BC1000C2-86CE-4CA1-90EA-7C41B8EC1984}.Debug|Any CPU.Build.0 = Debug|Any CPU
		{BC1000C2-86CE-4CA1-90EA-7C41B8EC1984}.Release|Any CPU.ActiveCfg = Release|Any CPU
		{BC1000C2-86CE-4CA1-90EA-7C41B8EC1984}.Release|Any CPU.Build.0 = Release|Any CPU
		{3E068B88-E4AA-4758-86B9-B0753C3DC8F1}.Debug|Any CPU.ActiveCfg = Debug|Any CPU
		{3E068B88-E4AA-4758-86B9-B0753C3DC8F1}.Debug|Any CPU.Build.0 = Debug|Any CPU
		{3E068B88-E4AA-4758-86B9-B0753C3DC8F1}.Release|Any CPU.ActiveCfg = Release|Any CPU
		{3E068B88-E4AA-4758-86B9-B0753C3DC8F1}.Release|Any CPU.Build.0 = Release|Any CPU
		{6BD5031E-1055-41CC-9BE4-A48FCB6FEDDF}.Debug|Any CPU.ActiveCfg = Debug|Any CPU
		{6BD5031E-1055-41CC-9BE4-A48FCB6FEDDF}.Debug|Any CPU.Build.0 = Debug|Any CPU
		{6BD5031E-1055-41CC-9BE4-A48FCB6FEDDF}.Release|Any CPU.ActiveCfg = Release|Any CPU
		{6BD5031E-1055-41CC-9BE4-A48FCB6FEDDF}.Release|Any CPU.Build.0 = Release|Any CPU
		{D981EF1A-88B8-47A5-8724-59F1858AF9EF}.Debug|Any CPU.ActiveCfg = Debug|Any CPU
		{D981EF1A-88B8-47A5-8724-59F1858AF9EF}.Debug|Any CPU.Build.0 = Debug|Any CPU
		{D981EF1A-88B8-47A5-8724-59F1858AF9EF}.Release|Any CPU.ActiveCfg = Release|Any CPU
		{D981EF1A-88B8-47A5-8724-59F1858AF9EF}.Release|Any CPU.Build.0 = Release|Any CPU
		{2A846F90-17D8-4CEB-8696-9BB8B3A1202D}.Debug|Any CPU.ActiveCfg = Debug|Any CPU
		{2A846F90-17D8-4CEB-8696-9BB8B3A1202D}.Debug|Any CPU.Build.0 = Debug|Any CPU
		{2A846F90-17D8-4CEB-8696-9BB8B3A1202D}.Release|Any CPU.ActiveCfg = Release|Any CPU
		{2A846F90-17D8-4CEB-8696-9BB8B3A1202D}.Release|Any CPU.Build.0 = Release|Any CPU
		{E1EC9872-C05A-46EF-97F6-C220729B1CD4}.Debug|Any CPU.ActiveCfg = Debug|Any CPU
		{E1EC9872-C05A-46EF-97F6-C220729B1CD4}.Debug|Any CPU.Build.0 = Debug|Any CPU
		{E1EC9872-C05A-46EF-97F6-C220729B1CD4}.Release|Any CPU.ActiveCfg = Release|Any CPU
		{E1EC9872-C05A-46EF-97F6-C220729B1CD4}.Release|Any CPU.Build.0 = Release|Any CPU
		{8E96D8C1-C8AC-4E4C-ABB8-46E973F36AF1}.Debug|Any CPU.ActiveCfg = Debug|Any CPU
		{8E96D8C1-C8AC-4E4C-ABB8-46E973F36AF1}.Debug|Any CPU.Build.0 = Debug|Any CPU
		{8E96D8C1-C8AC-4E4C-ABB8-46E973F36AF1}.Release|Any CPU.ActiveCfg = Release|Any CPU
		{8E96D8C1-C8AC-4E4C-ABB8-46E973F36AF1}.Release|Any CPU.Build.0 = Release|Any CPU
		{98040EEA-13C5-4E0E-AE08-86F9704BF1B9}.Debug|Any CPU.ActiveCfg = Debug|Any CPU
		{98040EEA-13C5-4E0E-AE08-86F9704BF1B9}.Debug|Any CPU.Build.0 = Debug|Any CPU
		{98040EEA-13C5-4E0E-AE08-86F9704BF1B9}.Release|Any CPU.ActiveCfg = Release|Any CPU
		{98040EEA-13C5-4E0E-AE08-86F9704BF1B9}.Release|Any CPU.Build.0 = Release|Any CPU
		{6706A6F9-240C-42AB-88CA-D5A8309729DE}.Debug|Any CPU.ActiveCfg = Debug|Any CPU
		{6706A6F9-240C-42AB-88CA-D5A8309729DE}.Debug|Any CPU.Build.0 = Debug|Any CPU
		{6706A6F9-240C-42AB-88CA-D5A8309729DE}.Release|Any CPU.ActiveCfg = Release|Any CPU
		{6706A6F9-240C-42AB-88CA-D5A8309729DE}.Release|Any CPU.Build.0 = Release|Any CPU
		{25B4939A-7D00-484F-9EBD-ABD56200392C}.Debug|Any CPU.ActiveCfg = Debug|Any CPU
		{25B4939A-7D00-484F-9EBD-ABD56200392C}.Debug|Any CPU.Build.0 = Debug|Any CPU
		{25B4939A-7D00-484F-9EBD-ABD56200392C}.Release|Any CPU.ActiveCfg = Release|Any CPU
		{25B4939A-7D00-484F-9EBD-ABD56200392C}.Release|Any CPU.Build.0 = Release|Any CPU
		{542A170C-454A-41C1-AC3D-11ED54F4D633}.Debug|Any CPU.ActiveCfg = Debug|Any CPU
		{542A170C-454A-41C1-AC3D-11ED54F4D633}.Debug|Any CPU.Build.0 = Debug|Any CPU
		{542A170C-454A-41C1-AC3D-11ED54F4D633}.Release|Any CPU.ActiveCfg = Release|Any CPU
		{542A170C-454A-41C1-AC3D-11ED54F4D633}.Release|Any CPU.Build.0 = Release|Any CPU
		{AC130414-8671-4CA6-8B43-72823923BB0E}.Debug|Any CPU.ActiveCfg = Debug|Any CPU
		{AC130414-8671-4CA6-8B43-72823923BB0E}.Debug|Any CPU.Build.0 = Debug|Any CPU
		{AC130414-8671-4CA6-8B43-72823923BB0E}.Release|Any CPU.ActiveCfg = Release|Any CPU
		{AC130414-8671-4CA6-8B43-72823923BB0E}.Release|Any CPU.Build.0 = Release|Any CPU
		{4638084B-8CA1-438E-9E1B-0914C99B3887}.Debug|Any CPU.ActiveCfg = Debug|Any CPU
		{4638084B-8CA1-438E-9E1B-0914C99B3887}.Debug|Any CPU.Build.0 = Debug|Any CPU
		{4638084B-8CA1-438E-9E1B-0914C99B3887}.Release|Any CPU.ActiveCfg = Release|Any CPU
		{4638084B-8CA1-438E-9E1B-0914C99B3887}.Release|Any CPU.Build.0 = Release|Any CPU
		{0CDC307E-9633-4E00-93CE-71D37B3D77E5}.Debug|Any CPU.ActiveCfg = Debug|Any CPU
		{0CDC307E-9633-4E00-93CE-71D37B3D77E5}.Debug|Any CPU.Build.0 = Debug|Any CPU
		{0CDC307E-9633-4E00-93CE-71D37B3D77E5}.Release|Any CPU.ActiveCfg = Release|Any CPU
		{0CDC307E-9633-4E00-93CE-71D37B3D77E5}.Release|Any CPU.Build.0 = Release|Any CPU
		{57CF8DB6-144F-4FAE-9D28-C5A374BC776E}.Debug|Any CPU.ActiveCfg = Debug|Any CPU
		{57CF8DB6-144F-4FAE-9D28-C5A374BC776E}.Debug|Any CPU.Build.0 = Debug|Any CPU
		{57CF8DB6-144F-4FAE-9D28-C5A374BC776E}.Release|Any CPU.ActiveCfg = Release|Any CPU
		{57CF8DB6-144F-4FAE-9D28-C5A374BC776E}.Release|Any CPU.Build.0 = Release|Any CPU
		{CC702A18-DAD1-4FA3-B379-8489A989C426}.Debug|Any CPU.ActiveCfg = Debug|Any CPU
		{CC702A18-DAD1-4FA3-B379-8489A989C426}.Debug|Any CPU.Build.0 = Debug|Any CPU
		{CC702A18-DAD1-4FA3-B379-8489A989C426}.Release|Any CPU.ActiveCfg = Release|Any CPU
		{CC702A18-DAD1-4FA3-B379-8489A989C426}.Release|Any CPU.Build.0 = Release|Any CPU
		{160BB478-2BEE-4E2E-A4C0-79532B943922}.Debug|Any CPU.ActiveCfg = Debug|Any CPU
		{160BB478-2BEE-4E2E-A4C0-79532B943922}.Debug|Any CPU.Build.0 = Debug|Any CPU
		{160BB478-2BEE-4E2E-A4C0-79532B943922}.Release|Any CPU.ActiveCfg = Release|Any CPU
		{160BB478-2BEE-4E2E-A4C0-79532B943922}.Release|Any CPU.Build.0 = Release|Any CPU
		{7F0F8C0E-65CD-4D1C-9D95-B931C41819CB}.Debug|Any CPU.ActiveCfg = Debug|Any CPU
		{7F0F8C0E-65CD-4D1C-9D95-B931C41819CB}.Debug|Any CPU.Build.0 = Debug|Any CPU
		{7F0F8C0E-65CD-4D1C-9D95-B931C41819CB}.Release|Any CPU.ActiveCfg = Release|Any CPU
		{7F0F8C0E-65CD-4D1C-9D95-B931C41819CB}.Release|Any CPU.Build.0 = Release|Any CPU
		{152F5143-E402-4606-A143-E771857F13B2}.Debug|Any CPU.ActiveCfg = Debug|Any CPU
		{152F5143-E402-4606-A143-E771857F13B2}.Debug|Any CPU.Build.0 = Debug|Any CPU
		{152F5143-E402-4606-A143-E771857F13B2}.Release|Any CPU.ActiveCfg = Release|Any CPU
		{152F5143-E402-4606-A143-E771857F13B2}.Release|Any CPU.Build.0 = Release|Any CPU
		{B42B7057-2EE7-471F-A6A7-CA10ED371A56}.Debug|Any CPU.ActiveCfg = Debug|Any CPU
		{B42B7057-2EE7-471F-A6A7-CA10ED371A56}.Debug|Any CPU.Build.0 = Debug|Any CPU
		{B42B7057-2EE7-471F-A6A7-CA10ED371A56}.Release|Any CPU.ActiveCfg = Release|Any CPU
		{B42B7057-2EE7-471F-A6A7-CA10ED371A56}.Release|Any CPU.Build.0 = Release|Any CPU
		{DF807627-A917-49D7-9CB6-029E33886B2F}.Debug|Any CPU.ActiveCfg = Debug|Any CPU
		{DF807627-A917-49D7-9CB6-029E33886B2F}.Debug|Any CPU.Build.0 = Debug|Any CPU
		{DF807627-A917-49D7-9CB6-029E33886B2F}.Release|Any CPU.ActiveCfg = Release|Any CPU
		{DF807627-A917-49D7-9CB6-029E33886B2F}.Release|Any CPU.Build.0 = Release|Any CPU
		{D43B3F8A-BDC0-4172-B790-4B73B0447073}.Debug|Any CPU.ActiveCfg = Debug|Any CPU
		{D43B3F8A-BDC0-4172-B790-4B73B0447073}.Debug|Any CPU.Build.0 = Debug|Any CPU
		{D43B3F8A-BDC0-4172-B790-4B73B0447073}.Release|Any CPU.ActiveCfg = Release|Any CPU
		{D43B3F8A-BDC0-4172-B790-4B73B0447073}.Release|Any CPU.Build.0 = Release|Any CPU
		{4418AAC4-1030-47D5-9815-8E16FB90AFDB}.Debug|Any CPU.ActiveCfg = Debug|Any CPU
		{4418AAC4-1030-47D5-9815-8E16FB90AFDB}.Debug|Any CPU.Build.0 = Debug|Any CPU
		{4418AAC4-1030-47D5-9815-8E16FB90AFDB}.Release|Any CPU.ActiveCfg = Release|Any CPU
		{4418AAC4-1030-47D5-9815-8E16FB90AFDB}.Release|Any CPU.Build.0 = Release|Any CPU
		{7585DAEA-4B05-4DDD-BBB8-C5C1A8CFC987}.Debug|Any CPU.ActiveCfg = Debug|Any CPU
		{7585DAEA-4B05-4DDD-BBB8-C5C1A8CFC987}.Debug|Any CPU.Build.0 = Debug|Any CPU
		{7585DAEA-4B05-4DDD-BBB8-C5C1A8CFC987}.Release|Any CPU.ActiveCfg = Release|Any CPU
		{7585DAEA-4B05-4DDD-BBB8-C5C1A8CFC987}.Release|Any CPU.Build.0 = Release|Any CPU
		{3C1086E5-F0AE-47C7-9B5E-43585E4F94E0}.Debug|Any CPU.ActiveCfg = Debug|Any CPU
		{3C1086E5-F0AE-47C7-9B5E-43585E4F94E0}.Debug|Any CPU.Build.0 = Debug|Any CPU
		{3C1086E5-F0AE-47C7-9B5E-43585E4F94E0}.Release|Any CPU.ActiveCfg = Release|Any CPU
		{3C1086E5-F0AE-47C7-9B5E-43585E4F94E0}.Release|Any CPU.Build.0 = Release|Any CPU
		{DC9DE789-BB01-4739-B4F3-51929D354B0F}.Debug|Any CPU.ActiveCfg = Debug|Any CPU
		{DC9DE789-BB01-4739-B4F3-51929D354B0F}.Debug|Any CPU.Build.0 = Debug|Any CPU
		{DC9DE789-BB01-4739-B4F3-51929D354B0F}.Release|Any CPU.ActiveCfg = Release|Any CPU
		{DC9DE789-BB01-4739-B4F3-51929D354B0F}.Release|Any CPU.Build.0 = Release|Any CPU
		{689C9212-377D-47A5-81C1-F07A366483CA}.Debug|Any CPU.ActiveCfg = Debug|Any CPU
		{689C9212-377D-47A5-81C1-F07A366483CA}.Debug|Any CPU.Build.0 = Debug|Any CPU
		{689C9212-377D-47A5-81C1-F07A366483CA}.Release|Any CPU.ActiveCfg = Release|Any CPU
		{689C9212-377D-47A5-81C1-F07A366483CA}.Release|Any CPU.Build.0 = Release|Any CPU
		{3B8476B7-E786-498D-8F39-2DF81C0BBFDE}.Debug|Any CPU.ActiveCfg = Debug|Any CPU
		{3B8476B7-E786-498D-8F39-2DF81C0BBFDE}.Debug|Any CPU.Build.0 = Debug|Any CPU
		{3B8476B7-E786-498D-8F39-2DF81C0BBFDE}.Release|Any CPU.ActiveCfg = Release|Any CPU
		{3B8476B7-E786-498D-8F39-2DF81C0BBFDE}.Release|Any CPU.Build.0 = Release|Any CPU
		{0F28BC7F-F3E6-4810-912C-E710D6DA7694}.Debug|Any CPU.ActiveCfg = Debug|Any CPU
		{0F28BC7F-F3E6-4810-912C-E710D6DA7694}.Debug|Any CPU.Build.0 = Debug|Any CPU
		{0F28BC7F-F3E6-4810-912C-E710D6DA7694}.Release|Any CPU.ActiveCfg = Release|Any CPU
		{0F28BC7F-F3E6-4810-912C-E710D6DA7694}.Release|Any CPU.Build.0 = Release|Any CPU
		{256F9E33-FAC1-44A2-A450-69E0A9225D48}.Debug|Any CPU.ActiveCfg = Debug|Any CPU
		{256F9E33-FAC1-44A2-A450-69E0A9225D48}.Debug|Any CPU.Build.0 = Debug|Any CPU
		{256F9E33-FAC1-44A2-A450-69E0A9225D48}.Release|Any CPU.ActiveCfg = Release|Any CPU
		{256F9E33-FAC1-44A2-A450-69E0A9225D48}.Release|Any CPU.Build.0 = Release|Any CPU
		{80B0DF1E-8E3A-45C5-8FAF-5B5174BD09BA}.Debug|Any CPU.ActiveCfg = Debug|Any CPU
		{80B0DF1E-8E3A-45C5-8FAF-5B5174BD09BA}.Debug|Any CPU.Build.0 = Debug|Any CPU
		{80B0DF1E-8E3A-45C5-8FAF-5B5174BD09BA}.Release|Any CPU.ActiveCfg = Release|Any CPU
		{80B0DF1E-8E3A-45C5-8FAF-5B5174BD09BA}.Release|Any CPU.Build.0 = Release|Any CPU
		{7FD6AFB2-B26B-4278-B7C6-0479F82C4D1A}.Debug|Any CPU.ActiveCfg = Debug|Any CPU
		{7FD6AFB2-B26B-4278-B7C6-0479F82C4D1A}.Debug|Any CPU.Build.0 = Debug|Any CPU
		{7FD6AFB2-B26B-4278-B7C6-0479F82C4D1A}.Release|Any CPU.ActiveCfg = Release|Any CPU
		{7FD6AFB2-B26B-4278-B7C6-0479F82C4D1A}.Release|Any CPU.Build.0 = Release|Any CPU
		{16E03117-BEDB-4B35-8B16-DEB1C838DF80}.Debug|Any CPU.ActiveCfg = Debug|Any CPU
		{16E03117-BEDB-4B35-8B16-DEB1C838DF80}.Debug|Any CPU.Build.0 = Debug|Any CPU
		{16E03117-BEDB-4B35-8B16-DEB1C838DF80}.Release|Any CPU.ActiveCfg = Release|Any CPU
		{16E03117-BEDB-4B35-8B16-DEB1C838DF80}.Release|Any CPU.Build.0 = Release|Any CPU
		{B7DC9CC0-8603-4067-BAF6-FB14477AB1E4}.Debug|Any CPU.ActiveCfg = Debug|Any CPU
		{B7DC9CC0-8603-4067-BAF6-FB14477AB1E4}.Debug|Any CPU.Build.0 = Debug|Any CPU
		{B7DC9CC0-8603-4067-BAF6-FB14477AB1E4}.Release|Any CPU.ActiveCfg = Release|Any CPU
		{B7DC9CC0-8603-4067-BAF6-FB14477AB1E4}.Release|Any CPU.Build.0 = Release|Any CPU
		{0FF7B0AD-7875-4D92-9201-5FCD187E0031}.Debug|Any CPU.ActiveCfg = Debug|Any CPU
		{0FF7B0AD-7875-4D92-9201-5FCD187E0031}.Debug|Any CPU.Build.0 = Debug|Any CPU
		{0FF7B0AD-7875-4D92-9201-5FCD187E0031}.Release|Any CPU.ActiveCfg = Release|Any CPU
		{0FF7B0AD-7875-4D92-9201-5FCD187E0031}.Release|Any CPU.Build.0 = Release|Any CPU
	EndGlobalSection
	GlobalSection(SolutionProperties) = preSolution
		HideSolutionNode = FALSE
	EndGlobalSection
	GlobalSection(NestedProjects) = preSolution
		{4F9AA759-D1B2-458C-9D1B-F1C587723B8C} = {AC9AB648-4074-48BA-8B3F-9D85C32DB677}
		{85640B67-7CBA-45AF-8044-64953C2D697B} = {AC9AB648-4074-48BA-8B3F-9D85C32DB677}
		{EF9B9EFF-E02E-4E06-BAE3-6832C85D66C4} = {AC9AB648-4074-48BA-8B3F-9D85C32DB677}
		{C2FBF0BE-E5F6-4647-877C-DAC166D4A769} = {AC9AB648-4074-48BA-8B3F-9D85C32DB677}
		{AFC0B8E6-568F-40A3-930F-5E800E642BF5} = {EF9B9EFF-E02E-4E06-BAE3-6832C85D66C4}
		{41D2A554-4214-4A75-A271-6DC6CA7279E8} = {EF9B9EFF-E02E-4E06-BAE3-6832C85D66C4}
		{9017D018-D67D-4874-81D1-E1EB4391C8FD} = {EF9B9EFF-E02E-4E06-BAE3-6832C85D66C4}
		{BC44F3E5-C322-45EA-9CF3-1051530DA1AF} = {EF9B9EFF-E02E-4E06-BAE3-6832C85D66C4}
		{9CDF75D2-0D6D-4963-A107-618F44BA3A3E} = {EF9B9EFF-E02E-4E06-BAE3-6832C85D66C4}
		{721F1B34-9977-4A13-A86D-C3E0CBDB6432} = {EF9B9EFF-E02E-4E06-BAE3-6832C85D66C4}
		{7DB31E64-D505-43B7-80C0-58481AE6850D} = {EF9B9EFF-E02E-4E06-BAE3-6832C85D66C4}
		{B0CA4928-F651-4524-B005-6A687AF1AC4C} = {C2FBF0BE-E5F6-4647-877C-DAC166D4A769}
		{B85991A0-B791-4F63-8564-6093A60A1299} = {B0CA4928-F651-4524-B005-6A687AF1AC4C}
		{5551D5F0-E2C9-4589-A54E-F072B3C5342E} = {4F9AA759-D1B2-458C-9D1B-F1C587723B8C}
		{DB6171A8-B992-4742-BD90-E36208CCBDC3} = {5551D5F0-E2C9-4589-A54E-F072B3C5342E}
		{CE7BCCBE-4C2C-458D-92E0-92BB83092B37} = {5551D5F0-E2C9-4589-A54E-F072B3C5342E}
		{C11D1D4A-C9E3-4887-A053-A7A86514932F} = {5551D5F0-E2C9-4589-A54E-F072B3C5342E}
		{3D566F4E-CC02-4CEE-834A-6FD85644C0F2} = {AFC0B8E6-568F-40A3-930F-5E800E642BF5}
		{717C3143-C2A5-4560-A8F3-D388E24EF892} = {AFC0B8E6-568F-40A3-930F-5E800E642BF5}
		{068E869B-8271-4852-BB72-8E54C6122B54} = {AFC0B8E6-568F-40A3-930F-5E800E642BF5}
		{0C179A92-F2E8-43F7-93C4-FA0A042FB48B} = {AFC0B8E6-568F-40A3-930F-5E800E642BF5}
		{A10846C1-E0AC-4387-B683-68EC5E5EF801} = {AFC0B8E6-568F-40A3-930F-5E800E642BF5}
		{0A86B924-50EA-480A-B504-B5A688A20903} = {7DB31E64-D505-43B7-80C0-58481AE6850D}
		{BC1000C2-86CE-4CA1-90EA-7C41B8EC1984} = {7DB31E64-D505-43B7-80C0-58481AE6850D}
		{3E068B88-E4AA-4758-86B9-B0753C3DC8F1} = {7DB31E64-D505-43B7-80C0-58481AE6850D}
		{6BD5031E-1055-41CC-9BE4-A48FCB6FEDDF} = {7DB31E64-D505-43B7-80C0-58481AE6850D}
		{D981EF1A-88B8-47A5-8724-59F1858AF9EF} = {7DB31E64-D505-43B7-80C0-58481AE6850D}
		{FBF14C28-9395-4D09-AAA5-0709CA0775D2} = {EF9B9EFF-E02E-4E06-BAE3-6832C85D66C4}
		{2A846F90-17D8-4CEB-8696-9BB8B3A1202D} = {FBF14C28-9395-4D09-AAA5-0709CA0775D2}
		{E1EC9872-C05A-46EF-97F6-C220729B1CD4} = {FBF14C28-9395-4D09-AAA5-0709CA0775D2}
		{8E96D8C1-C8AC-4E4C-ABB8-46E973F36AF1} = {FBF14C28-9395-4D09-AAA5-0709CA0775D2}
		{98040EEA-13C5-4E0E-AE08-86F9704BF1B9} = {FBF14C28-9395-4D09-AAA5-0709CA0775D2}
		{6706A6F9-240C-42AB-88CA-D5A8309729DE} = {FBF14C28-9395-4D09-AAA5-0709CA0775D2}
		{25B4939A-7D00-484F-9EBD-ABD56200392C} = {9CDF75D2-0D6D-4963-A107-618F44BA3A3E}
		{542A170C-454A-41C1-AC3D-11ED54F4D633} = {9CDF75D2-0D6D-4963-A107-618F44BA3A3E}
		{AC130414-8671-4CA6-8B43-72823923BB0E} = {9CDF75D2-0D6D-4963-A107-618F44BA3A3E}
		{4638084B-8CA1-438E-9E1B-0914C99B3887} = {9CDF75D2-0D6D-4963-A107-618F44BA3A3E}
		{0CDC307E-9633-4E00-93CE-71D37B3D77E5} = {BC44F3E5-C322-45EA-9CF3-1051530DA1AF}
		{57CF8DB6-144F-4FAE-9D28-C5A374BC776E} = {BC44F3E5-C322-45EA-9CF3-1051530DA1AF}
		{CC702A18-DAD1-4FA3-B379-8489A989C426} = {BC44F3E5-C322-45EA-9CF3-1051530DA1AF}
		{160BB478-2BEE-4E2E-A4C0-79532B943922} = {BC44F3E5-C322-45EA-9CF3-1051530DA1AF}
		{7F0F8C0E-65CD-4D1C-9D95-B931C41819CB} = {BC44F3E5-C322-45EA-9CF3-1051530DA1AF}
		{152F5143-E402-4606-A143-E771857F13B2} = {41D2A554-4214-4A75-A271-6DC6CA7279E8}
		{B42B7057-2EE7-471F-A6A7-CA10ED371A56} = {41D2A554-4214-4A75-A271-6DC6CA7279E8}
		{DF807627-A917-49D7-9CB6-029E33886B2F} = {41D2A554-4214-4A75-A271-6DC6CA7279E8}
		{D43B3F8A-BDC0-4172-B790-4B73B0447073} = {41D2A554-4214-4A75-A271-6DC6CA7279E8}
		{4418AAC4-1030-47D5-9815-8E16FB90AFDB} = {41D2A554-4214-4A75-A271-6DC6CA7279E8}
		{7585DAEA-4B05-4DDD-BBB8-C5C1A8CFC987} = {9017D018-D67D-4874-81D1-E1EB4391C8FD}
		{3C1086E5-F0AE-47C7-9B5E-43585E4F94E0} = {9017D018-D67D-4874-81D1-E1EB4391C8FD}
		{DC9DE789-BB01-4739-B4F3-51929D354B0F} = {9017D018-D67D-4874-81D1-E1EB4391C8FD}
		{689C9212-377D-47A5-81C1-F07A366483CA} = {9017D018-D67D-4874-81D1-E1EB4391C8FD}
		{3B8476B7-E786-498D-8F39-2DF81C0BBFDE} = {9017D018-D67D-4874-81D1-E1EB4391C8FD}
		{0F28BC7F-F3E6-4810-912C-E710D6DA7694} = {721F1B34-9977-4A13-A86D-C3E0CBDB6432}
		{256F9E33-FAC1-44A2-A450-69E0A9225D48} = {721F1B34-9977-4A13-A86D-C3E0CBDB6432}
		{EC115D52-7DF0-47C6-A506-945DE3E39CC6} = {EF9B9EFF-E02E-4E06-BAE3-6832C85D66C4}
		{80B0DF1E-8E3A-45C5-8FAF-5B5174BD09BA} = {EC115D52-7DF0-47C6-A506-945DE3E39CC6}
		{7FD6AFB2-B26B-4278-B7C6-0479F82C4D1A} = {EC115D52-7DF0-47C6-A506-945DE3E39CC6}
		{16E03117-BEDB-4B35-8B16-DEB1C838DF80} = {EC115D52-7DF0-47C6-A506-945DE3E39CC6}
		{B7DC9CC0-8603-4067-BAF6-FB14477AB1E4} = {EC115D52-7DF0-47C6-A506-945DE3E39CC6}
		{0FF7B0AD-7875-4D92-9201-5FCD187E0031} = {EC115D52-7DF0-47C6-A506-945DE3E39CC6}
	EndGlobalSection
	GlobalSection(ExtensibilityGlobals) = postSolution
		SolutionGuid = {9E1B71E4-7DDB-4209-A460-79993E5DD755}
	EndGlobalSection
EndGlobal
